
Microsoft Visual Studio Solution File, Format Version 12.00
# Visual Studio 15
VisualStudioVersion = 15.0.27428.2015
MinimumVisualStudioVersion = 10.0.40219.1
Project("{FAE04EC0-301F-11D3-BF4B-00C04F79EFBC}") = "ProjectWithAuthorization", "ProjectWithAuthorization\ProjectWithAuthorization.csproj", "{7E9E17BB-C39E-4B5A-968B-76CBC6C35F69}"
EndProject
Project("{FAE04EC0-301F-11D3-BF4B-00C04F79EFBC}") = "MvcRazorToPdf", "MvcRazorToPdf\MvcRazorToPdf.csproj", "{50E76C53-09C0-4A25-91A7-16C78F50BAE2}"
EndProject
Project("{FAE04EC0-301F-11D3-BF4B-00C04F79EFBC}") = "Logic", "Logic\Logic.csproj", "{E82B913F-139E-42DE-BAD0-7A423B47C6EA}"
EndProject
Project("{FAE04EC0-301F-11D3-BF4B-00C04F79EFBC}") = "Domain", "Domain\Domain.csproj", "{A27083BE-43E0-4E9E-A893-621F8E33E872}"
EndProject
Project("{FAE04EC0-301F-11D3-BF4B-00C04F79EFBC}") = "DAL", "DAL\DAL.csproj", "{FDB0425C-7729-4017-A4C5-ADBADCE0C447}"
EndProject
Global
	GlobalSection(SolutionConfigurationPlatforms) = preSolution
		Debug|Any CPU = Debug|Any CPU
		Release|Any CPU = Release|Any CPU
	EndGlobalSection
	GlobalSection(ProjectConfigurationPlatforms) = postSolution
		{7E9E17BB-C39E-4B5A-968B-76CBC6C35F69}.Debug|Any CPU.ActiveCfg = Debug|Any CPU
		{7E9E17BB-C39E-4B5A-968B-76CBC6C35F69}.Debug|Any CPU.Build.0 = Debug|Any CPU
		{7E9E17BB-C39E-4B5A-968B-76CBC6C35F69}.Release|Any CPU.ActiveCfg = Release|Any CPU
		{7E9E17BB-C39E-4B5A-968B-76CBC6C35F69}.Release|Any CPU.Build.0 = Release|Any CPU
		{50E76C53-09C0-4A25-91A7-16C78F50BAE2}.Debug|Any CPU.ActiveCfg = Debug|Any CPU
		{50E76C53-09C0-4A25-91A7-16C78F50BAE2}.Debug|Any CPU.Build.0 = Debug|Any CPU
		{50E76C53-09C0-4A25-91A7-16C78F50BAE2}.Release|Any CPU.ActiveCfg = Release|Any CPU
		{50E76C53-09C0-4A25-91A7-16C78F50BAE2}.Release|Any CPU.Build.0 = Release|Any CPU
		{E82B913F-139E-42DE-BAD0-7A423B47C6EA}.Debug|Any CPU.ActiveCfg = Debug|Any CPU
		{E82B913F-139E-42DE-BAD0-7A423B47C6EA}.Debug|Any CPU.Build.0 = Debug|Any CPU
		{E82B913F-139E-42DE-BAD0-7A423B47C6EA}.Release|Any CPU.ActiveCfg = Release|Any CPU
		{E82B913F-139E-42DE-BAD0-7A423B47C6EA}.Release|Any CPU.Build.0 = Release|Any CPU
		{A27083BE-43E0-4E9E-A893-621F8E33E872}.Debug|Any CPU.ActiveCfg = Debug|Any CPU
		{A27083BE-43E0-4E9E-A893-621F8E33E872}.Debug|Any CPU.Build.0 = Debug|Any CPU
		{A27083BE-43E0-4E9E-A893-621F8E33E872}.Release|Any CPU.ActiveCfg = Release|Any CPU
		{A27083BE-43E0-4E9E-A893-621F8E33E872}.Release|Any CPU.Build.0 = Release|Any CPU
		{FDB0425C-7729-4017-A4C5-ADBADCE0C447}.Debug|Any CPU.ActiveCfg = Debug|Any CPU
		{FDB0425C-7729-4017-A4C5-ADBADCE0C447}.Debug|Any CPU.Build.0 = Debug|Any CPU
		{FDB0425C-7729-4017-A4C5-ADBADCE0C447}.Release|Any CPU.ActiveCfg = Release|Any CPU
		{FDB0425C-7729-4017-A4C5-ADBADCE0C447}.Release|Any CPU.Build.0 = Release|Any CPU
	EndGlobalSection
	GlobalSection(SolutionProperties) = preSolution
		HideSolutionNode = FALSE
	EndGlobalSection
	GlobalSection(ExtensibilityGlobals) = postSolution
		SolutionGuid = {613F78D1-E6A0-4E80-BC5E-A58C6ADA26F9}
	EndGlobalSection
EndGlobal
